
Microsoft Visual Studio Solution File, Format Version 12.00
# Visual Studio Version 17
VisualStudioVersion = 17.3.32611.2
MinimumVisualStudioVersion = 10.0.40219.1
Project("{FAE04EC0-301F-11D3-BF4B-00C04F79EFBC}") = "SerialPortForward", "SerialPortForward.csproj", "{14886C9C-A69E-44FF-967A-CE63B66110D1}"
EndProject
Project("{9A19103F-16F7-4668-BE54-9A1E7A4F7556}") = "ITLDG.Core", "..\ITLDG.Core\ITLDG.Core.csproj", "{28DD9BFB-7101-4375-95F9-DD9F9FD91F99}"
EndProject
Project("{FAE04EC0-301F-11D3-BF4B-00C04F79EFBC}") = "ITLDG", "..\ITLDG\ITLDG.csproj", "{295F7EB9-ED3B-4210-B01A-AE7DE140DA0B}"
EndProject
Project("{2150E333-8FDC-42A3-9474-1A3956D46DE8}") = "解决方案项", "解决方案项", "{50DA0C8A-5B1A-404E-955D-6616F6470DB3}"
	ProjectSection(SolutionItems) = preProject
		ReadMe.md = ReadMe.md
	EndProjectSection
EndProject
Project("{2150E333-8FDC-42A3-9474-1A3956D46DE8}") = "docs", "docs", "{DE84CD7E-8DB5-4611-AD09-9BC3F7342D59}"
EndProject
Global
	GlobalSection(SolutionConfigurationPlatforms) = preSolution
		Debug|Any CPU = Debug|Any CPU
		Release|Any CPU = Release|Any CPU
	EndGlobalSection
	GlobalSection(ProjectConfigurationPlatforms) = postSolution
		{14886C9C-A69E-44FF-967A-CE63B66110D1}.Debug|Any CPU.ActiveCfg = Debug|Any CPU
		{14886C9C-A69E-44FF-967A-CE63B66110D1}.Debug|Any CPU.Build.0 = Debug|Any CPU
		{14886C9C-A69E-44FF-967A-CE63B66110D1}.Release|Any CPU.ActiveCfg = Release|Any CPU
		{14886C9C-A69E-44FF-967A-CE63B66110D1}.Release|Any CPU.Build.0 = Release|Any CPU
		{28DD9BFB-7101-4375-95F9-DD9F9FD91F99}.Debug|Any CPU.ActiveCfg = Debug|Any CPU
		{28DD9BFB-7101-4375-95F9-DD9F9FD91F99}.Debug|Any CPU.Build.0 = Debug|Any CPU
		{28DD9BFB-7101-4375-95F9-DD9F9FD91F99}.Release|Any CPU.ActiveCfg = Release|Any CPU
		{28DD9BFB-7101-4375-95F9-DD9F9FD91F99}.Release|Any CPU.Build.0 = Release|Any CPU
		{295F7EB9-ED3B-4210-B01A-AE7DE140DA0B}.Debug|Any CPU.ActiveCfg = Debug|Any CPU
		{295F7EB9-ED3B-4210-B01A-AE7DE140DA0B}.Debug|Any CPU.Build.0 = Debug|Any CPU
		{295F7EB9-ED3B-4210-B01A-AE7DE140DA0B}.Release|Any CPU.ActiveCfg = Release|Any CPU
		{295F7EB9-ED3B-4210-B01A-AE7DE140DA0B}.Release|Any CPU.Build.0 = Release|Any CPU
	EndGlobalSection
	GlobalSection(SolutionProperties) = preSolution
		HideSolutionNode = FALSE
	EndGlobalSection
	GlobalSection(NestedProjects) = preSolution
		{DE84CD7E-8DB5-4611-AD09-9BC3F7342D59} = {50DA0C8A-5B1A-404E-955D-6616F6470DB3}
	EndGlobalSection
	GlobalSection(ExtensibilityGlobals) = postSolution
		SolutionGuid = {74937DB4-81AA-44C5-B837-720BFFF5A1AE}
	EndGlobalSection
EndGlobal
